
Microsoft Visual Studio Solution File, Format Version 12.00
# Visual Studio Version 17
VisualStudioVersion = 17.12.35527.113
MinimumVisualStudioVersion = 10.0.40219.1
Project("{FAE04EC0-301F-11D3-BF4B-00C04F79EFBC}") = "Connected.Manufacturing.ProductionOrders.Model", "src\Connected.Manufacturing.ProductionOrders.Model\Connected.Manufacturing.ProductionOrders.Model.csproj", "{F50FF934-2A77-427E-A840-556AF02E20C5}"
EndProject
Project("{FAE04EC0-301F-11D3-BF4B-00C04F79EFBC}") = "Connected.Manufacturing.ProductionOrders", "src\Connected.Manufacturing.ProductionOrders\Connected.Manufacturing.ProductionOrders.csproj", "{4FFDF4BD-8861-4EB8-B701-65926BA8BFF7}"
EndProject
Project("{FAE04EC0-301F-11D3-BF4B-00C04F79EFBC}") = "Connected.ProductionOrders.Process", "src\Connected.ProductionOrders.Process\Connected.ProductionOrders.Process.csproj", "{26F6BD68-E6E5-4D27-B2E6-F4D6FDFC3BB5}"
EndProject
Project("{FAE04EC0-301F-11D3-BF4B-00C04F79EFBC}") = "Connected.Manufacturing.ProductionOrders.Extensions", "src\Connected.Manufacturing.ProductionOrders.Extensions\Connected.Manufacturing.ProductionOrders.Extensions.csproj", "{35C22ED9-EAB3-4C45-AC54-27F5A3FDDE72}"
EndProject
Project("{2150E333-8FDC-42A3-9474-1A3956D46DE8}") = "Dependencies", "Dependencies", "{02EA681E-C7D8-13C7-8484-4AC65E1B71E8}"
EndProject
Project("{FAE04EC0-301F-11D3-BF4B-00C04F79EFBC}") = "Connected.Sdk", "..\Connected.Core\src\Connected.Sdk\Connected.Sdk.csproj", "{677BCFEC-B55D-E52D-8DB0-0969AB117483}"
EndProject
Project("{FAE04EC0-301F-11D3-BF4B-00C04F79EFBC}") = "Connected.Processes.Sdk", "..\Connected.Processes\src\Connected.Processes.Sdk\Connected.Processes.Sdk.csproj", "{9A5778A2-ECCB-C90B-21D6-83C8F70CEF9A}"
EndProject
Project("{FAE04EC0-301F-11D3-BF4B-00C04F79EFBC}") = "Connected.Common.Sdk", "..\Connected.Common\src\Connected.Common.Sdk\Connected.Common.Sdk.csproj", "{7C3C0114-6B45-1E0B-1FF6-2AA55CBC2B82}"
EndProject
Global
	GlobalSection(SolutionConfigurationPlatforms) = preSolution
		Debug|Any CPU = Debug|Any CPU
		Release|Any CPU = Release|Any CPU
	EndGlobalSection
	GlobalSection(ProjectConfigurationPlatforms) = postSolution
		{F50FF934-2A77-427E-A840-556AF02E20C5}.Debug|Any CPU.ActiveCfg = Debug|Any CPU
		{F50FF934-2A77-427E-A840-556AF02E20C5}.Debug|Any CPU.Build.0 = Debug|Any CPU
		{F50FF934-2A77-427E-A840-556AF02E20C5}.Release|Any CPU.ActiveCfg = Release|Any CPU
		{F50FF934-2A77-427E-A840-556AF02E20C5}.Release|Any CPU.Build.0 = Release|Any CPU
		{4FFDF4BD-8861-4EB8-B701-65926BA8BFF7}.Debug|Any CPU.ActiveCfg = Debug|Any CPU
		{4FFDF4BD-8861-4EB8-B701-65926BA8BFF7}.Debug|Any CPU.Build.0 = Debug|Any CPU
		{4FFDF4BD-8861-4EB8-B701-65926BA8BFF7}.Release|Any CPU.ActiveCfg = Release|Any CPU
		{4FFDF4BD-8861-4EB8-B701-65926BA8BFF7}.Release|Any CPU.Build.0 = Release|Any CPU
		{26F6BD68-E6E5-4D27-B2E6-F4D6FDFC3BB5}.Debug|Any CPU.ActiveCfg = Debug|Any CPU
		{26F6BD68-E6E5-4D27-B2E6-F4D6FDFC3BB5}.Debug|Any CPU.Build.0 = Debug|Any CPU
		{26F6BD68-E6E5-4D27-B2E6-F4D6FDFC3BB5}.Release|Any CPU.ActiveCfg = Release|Any CPU
		{26F6BD68-E6E5-4D27-B2E6-F4D6FDFC3BB5}.Release|Any CPU.Build.0 = Release|Any CPU
		{35C22ED9-EAB3-4C45-AC54-27F5A3FDDE72}.Debug|Any CPU.ActiveCfg = Debug|Any CPU
		{35C22ED9-EAB3-4C45-AC54-27F5A3FDDE72}.Debug|Any CPU.Build.0 = Debug|Any CPU
		{35C22ED9-EAB3-4C45-AC54-27F5A3FDDE72}.Release|Any CPU.ActiveCfg = Release|Any CPU
		{35C22ED9-EAB3-4C45-AC54-27F5A3FDDE72}.Release|Any CPU.Build.0 = Release|Any CPU
		{677BCFEC-B55D-E52D-8DB0-0969AB117483}.Debug|Any CPU.ActiveCfg = Debug|Any CPU
		{677BCFEC-B55D-E52D-8DB0-0969AB117483}.Debug|Any CPU.Build.0 = Debug|Any CPU
		{677BCFEC-B55D-E52D-8DB0-0969AB117483}.Release|Any CPU.ActiveCfg = Release|Any CPU
		{677BCFEC-B55D-E52D-8DB0-0969AB117483}.Release|Any CPU.Build.0 = Release|Any CPU
		{9A5778A2-ECCB-C90B-21D6-83C8F70CEF9A}.Debug|Any CPU.ActiveCfg = Debug|Any CPU
		{9A5778A2-ECCB-C90B-21D6-83C8F70CEF9A}.Debug|Any CPU.Build.0 = Debug|Any CPU
		{9A5778A2-ECCB-C90B-21D6-83C8F70CEF9A}.Release|Any CPU.ActiveCfg = Release|Any CPU
		{9A5778A2-ECCB-C90B-21D6-83C8F70CEF9A}.Release|Any CPU.Build.0 = Release|Any CPU
		{7C3C0114-6B45-1E0B-1FF6-2AA55CBC2B82}.Debug|Any CPU.ActiveCfg = Debug|Any CPU
		{7C3C0114-6B45-1E0B-1FF6-2AA55CBC2B82}.Debug|Any CPU.Build.0 = Debug|Any CPU
		{7C3C0114-6B45-1E0B-1FF6-2AA55CBC2B82}.Release|Any CPU.ActiveCfg = Release|Any CPU
		{7C3C0114-6B45-1E0B-1FF6-2AA55CBC2B82}.Release|Any CPU.Build.0 = Release|Any CPU
	EndGlobalSection
	GlobalSection(SolutionProperties) = preSolution
		HideSolutionNode = FALSE
	EndGlobalSection
	GlobalSection(NestedProjects) = preSolution
		{677BCFEC-B55D-E52D-8DB0-0969AB117483} = {02EA681E-C7D8-13C7-8484-4AC65E1B71E8}
		{9A5778A2-ECCB-C90B-21D6-83C8F70CEF9A} = {02EA681E-C7D8-13C7-8484-4AC65E1B71E8}
		{7C3C0114-6B45-1E0B-1FF6-2AA55CBC2B82} = {02EA681E-C7D8-13C7-8484-4AC65E1B71E8}
	EndGlobalSection
EndGlobal
